
Microsoft Visual Studio Solution File, Format Version 12.00
# Visual Studio Version 16
VisualStudioVersion = 16.0.30804.86
MinimumVisualStudioVersion = 10.0.40219.1
Project("{FAE04EC0-301F-11D3-BF4B-00C04F79EFBC}") = "PetitTournant.Android", "PetitTournant\PetitTournant.Android\PetitTournant.Android.csproj", "{8E425B20-DA17-4BA6-A234-6F789C51C289}"
EndProject
Project("{FAE04EC0-301F-11D3-BF4B-00C04F79EFBC}") = "PetitTournant.iOS", "PetitTournant\PetitTournant.iOS\PetitTournant.iOS.csproj", "{4CC2401E-F000-46E2-B372-83744FD4E1D2}"
EndProject
Project("{FAE04EC0-301F-11D3-BF4B-00C04F79EFBC}") = "PetitTournant.UWP", "PetitTournant\PetitTournant.UWP\PetitTournant.UWP.csproj", "{B222B83F-8552-4415-B86E-EA2B6FA61B97}"
EndProject
Project("{9A19103F-16F7-4668-BE54-9A1E7A4F7556}") = "PetitTournant", "PetitTournant\PetitTournant\PetitTournant.csproj", "{95CCFBC5-3AF6-4CEF-BAB9-98F56B29D223}"
EndProject
Project("{9A19103F-16F7-4668-BE54-9A1E7A4F7556}") = "PetitTournant.Lib", "PetitTournantLib\PetitTournant.Lib.csproj", "{20DA8994-3F3C-4FF1-A67D-1FC8999619B1}"
EndProject
Project("{9A19103F-16F7-4668-BE54-9A1E7A4F7556}") = "PetitTournant.Lib.Test", "PetitTournant.Lib.Test\PetitTournant.Lib.Test.csproj", "{56C9DFE8-D284-46D0-B52D-44AC2B1AF19B}"
EndProject
Project("{FAE04EC0-301F-11D3-BF4B-00C04F79EFBC}") = "PetitTournant.Utils.Test", "PetitTournant.Utils.Test\PetitTournant.Utils.Test.csproj", "{47153E1C-AD6C-448F-9F80-52F3EE493BE6}"
EndProject
Project("{FAE04EC0-301F-11D3-BF4B-00C04F79EFBC}") = "PetitTournant.Utils", "PetitTournant.Utils\PetitTournant.Utils.csproj", "{5ABFA0CD-E573-4178-A244-5FEC67CA0BC1}"
EndProject
Global
	GlobalSection(SolutionConfigurationPlatforms) = preSolution
		Ad-Hoc|Any CPU = Ad-Hoc|Any CPU
		Ad-Hoc|ARM = Ad-Hoc|ARM
		Ad-Hoc|iPhone = Ad-Hoc|iPhone
		Ad-Hoc|iPhoneSimulator = Ad-Hoc|iPhoneSimulator
		Ad-Hoc|x64 = Ad-Hoc|x64
		Ad-Hoc|x86 = Ad-Hoc|x86
		AppStore|Any CPU = AppStore|Any CPU
		AppStore|ARM = AppStore|ARM
		AppStore|iPhone = AppStore|iPhone
		AppStore|iPhoneSimulator = AppStore|iPhoneSimulator
		AppStore|x64 = AppStore|x64
		AppStore|x86 = AppStore|x86
		Debug|Any CPU = Debug|Any CPU
		Debug|ARM = Debug|ARM
		Debug|iPhone = Debug|iPhone
		Debug|iPhoneSimulator = Debug|iPhoneSimulator
		Debug|x64 = Debug|x64
		Debug|x86 = Debug|x86
		Release|Any CPU = Release|Any CPU
		Release|ARM = Release|ARM
		Release|iPhone = Release|iPhone
		Release|iPhoneSimulator = Release|iPhoneSimulator
		Release|x64 = Release|x64
		Release|x86 = Release|x86
	EndGlobalSection
	GlobalSection(ProjectConfigurationPlatforms) = postSolution
		{8E425B20-DA17-4BA6-A234-6F789C51C289}.Ad-Hoc|Any CPU.ActiveCfg = Release|Any CPU
		{8E425B20-DA17-4BA6-A234-6F789C51C289}.Ad-Hoc|Any CPU.Build.0 = Release|Any CPU
		{8E425B20-DA17-4BA6-A234-6F789C51C289}.Ad-Hoc|Any CPU.Deploy.0 = Release|Any CPU
		{8E425B20-DA17-4BA6-A234-6F789C51C289}.Ad-Hoc|ARM.ActiveCfg = Release|Any CPU
		{8E425B20-DA17-4BA6-A234-6F789C51C289}.Ad-Hoc|ARM.Build.0 = Release|Any CPU
		{8E425B20-DA17-4BA6-A234-6F789C51C289}.Ad-Hoc|ARM.Deploy.0 = Release|Any CPU
		{8E425B20-DA17-4BA6-A234-6F789C51C289}.Ad-Hoc|iPhone.ActiveCfg = Release|Any CPU
		{8E425B20-DA17-4BA6-A234-6F789C51C289}.Ad-Hoc|iPhone.Build.0 = Release|Any CPU
		{8E425B20-DA17-4BA6-A234-6F789C51C289}.Ad-Hoc|iPhone.Deploy.0 = Release|Any CPU
		{8E425B20-DA17-4BA6-A234-6F789C51C289}.Ad-Hoc|iPhoneSimulator.ActiveCfg = Release|Any CPU
		{8E425B20-DA17-4BA6-A234-6F789C51C289}.Ad-Hoc|iPhoneSimulator.Build.0 = Release|Any CPU
		{8E425B20-DA17-4BA6-A234-6F789C51C289}.Ad-Hoc|iPhoneSimulator.Deploy.0 = Release|Any CPU
		{8E425B20-DA17-4BA6-A234-6F789C51C289}.Ad-Hoc|x64.ActiveCfg = Release|Any CPU
		{8E425B20-DA17-4BA6-A234-6F789C51C289}.Ad-Hoc|x64.Build.0 = Release|Any CPU
		{8E425B20-DA17-4BA6-A234-6F789C51C289}.Ad-Hoc|x64.Deploy.0 = Release|Any CPU
		{8E425B20-DA17-4BA6-A234-6F789C51C289}.Ad-Hoc|x86.ActiveCfg = Release|Any CPU
		{8E425B20-DA17-4BA6-A234-6F789C51C289}.Ad-Hoc|x86.Build.0 = Release|Any CPU
		{8E425B20-DA17-4BA6-A234-6F789C51C289}.Ad-Hoc|x86.Deploy.0 = Release|Any CPU
		{8E425B20-DA17-4BA6-A234-6F789C51C289}.AppStore|Any CPU.ActiveCfg = Release|Any CPU
		{8E425B20-DA17-4BA6-A234-6F789C51C289}.AppStore|Any CPU.Build.0 = Release|Any CPU
		{8E425B20-DA17-4BA6-A234-6F789C51C289}.AppStore|Any CPU.Deploy.0 = Release|Any CPU
		{8E425B20-DA17-4BA6-A234-6F789C51C289}.AppStore|ARM.ActiveCfg = Release|Any CPU
		{8E425B20-DA17-4BA6-A234-6F789C51C289}.AppStore|ARM.Build.0 = Release|Any CPU
		{8E425B20-DA17-4BA6-A234-6F789C51C289}.AppStore|ARM.Deploy.0 = Release|Any CPU
		{8E425B20-DA17-4BA6-A234-6F789C51C289}.AppStore|iPhone.ActiveCfg = Release|Any CPU
		{8E425B20-DA17-4BA6-A234-6F789C51C289}.AppStore|iPhone.Build.0 = Release|Any CPU
		{8E425B20-DA17-4BA6-A234-6F789C51C289}.AppStore|iPhone.Deploy.0 = Release|Any CPU
		{8E425B20-DA17-4BA6-A234-6F789C51C289}.AppStore|iPhoneSimulator.ActiveCfg = Release|Any CPU
		{8E425B20-DA17-4BA6-A234-6F789C51C289}.AppStore|iPhoneSimulator.Build.0 = Release|Any CPU
		{8E425B20-DA17-4BA6-A234-6F789C51C289}.AppStore|iPhoneSimulator.Deploy.0 = Release|Any CPU
		{8E425B20-DA17-4BA6-A234-6F789C51C289}.AppStore|x64.ActiveCfg = Release|Any CPU
		{8E425B20-DA17-4BA6-A234-6F789C51C289}.AppStore|x64.Build.0 = Release|Any CPU
		{8E425B20-DA17-4BA6-A234-6F789C51C289}.AppStore|x64.Deploy.0 = Release|Any CPU
		{8E425B20-DA17-4BA6-A234-6F789C51C289}.AppStore|x86.ActiveCfg = Release|Any CPU
		{8E425B20-DA17-4BA6-A234-6F789C51C289}.AppStore|x86.Build.0 = Release|Any CPU
		{8E425B20-DA17-4BA6-A234-6F789C51C289}.AppStore|x86.Deploy.0 = Release|Any CPU
		{8E425B20-DA17-4BA6-A234-6F789C51C289}.Debug|Any CPU.ActiveCfg = Debug|Any CPU
		{8E425B20-DA17-4BA6-A234-6F789C51C289}.Debug|Any CPU.Build.0 = Debug|Any CPU
		{8E425B20-DA17-4BA6-A234-6F789C51C289}.Debug|Any CPU.Deploy.0 = Debug|Any CPU
		{8E425B20-DA17-4BA6-A234-6F789C51C289}.Debug|ARM.ActiveCfg = Debug|Any CPU
		{8E425B20-DA17-4BA6-A234-6F789C51C289}.Debug|ARM.Build.0 = Debug|Any CPU
		{8E425B20-DA17-4BA6-A234-6F789C51C289}.Debug|ARM.Deploy.0 = Debug|Any CPU
		{8E425B20-DA17-4BA6-A234-6F789C51C289}.Debug|iPhone.ActiveCfg = Debug|Any CPU
		{8E425B20-DA17-4BA6-A234-6F789C51C289}.Debug|iPhone.Build.0 = Debug|Any CPU
		{8E425B20-DA17-4BA6-A234-6F789C51C289}.Debug|iPhone.Deploy.0 = Debug|Any CPU
		{8E425B20-DA17-4BA6-A234-6F789C51C289}.Debug|iPhoneSimulator.ActiveCfg = Debug|Any CPU
		{8E425B20-DA17-4BA6-A234-6F789C51C289}.Debug|iPhoneSimulator.Build.0 = Debug|Any CPU
		{8E425B20-DA17-4BA6-A234-6F789C51C289}.Debug|iPhoneSimulator.Deploy.0 = Debug|Any CPU
		{8E425B20-DA17-4BA6-A234-6F789C51C289}.Debug|x64.ActiveCfg = Debug|Any CPU
		{8E425B20-DA17-4BA6-A234-6F789C51C289}.Debug|x64.Build.0 = Debug|Any CPU
		{8E425B20-DA17-4BA6-A234-6F789C51C289}.Debug|x64.Deploy.0 = Debug|Any CPU
		{8E425B20-DA17-4BA6-A234-6F789C51C289}.Debug|x86.ActiveCfg = Debug|Any CPU
		{8E425B20-DA17-4BA6-A234-6F789C51C289}.Debug|x86.Build.0 = Debug|Any CPU
		{8E425B20-DA17-4BA6-A234-6F789C51C289}.Debug|x86.Deploy.0 = Debug|Any CPU
		{8E425B20-DA17-4BA6-A234-6F789C51C289}.Release|Any CPU.ActiveCfg = Release|Any CPU
		{8E425B20-DA17-4BA6-A234-6F789C51C289}.Release|Any CPU.Build.0 = Release|Any CPU
		{8E425B20-DA17-4BA6-A234-6F789C51C289}.Release|Any CPU.Deploy.0 = Release|Any CPU
		{8E425B20-DA17-4BA6-A234-6F789C51C289}.Release|ARM.ActiveCfg = Release|Any CPU
		{8E425B20-DA17-4BA6-A234-6F789C51C289}.Release|ARM.Build.0 = Release|Any CPU
		{8E425B20-DA17-4BA6-A234-6F789C51C289}.Release|ARM.Deploy.0 = Release|Any CPU
		{8E425B20-DA17-4BA6-A234-6F789C51C289}.Release|iPhone.ActiveCfg = Release|Any CPU
		{8E425B20-DA17-4BA6-A234-6F789C51C289}.Release|iPhone.Build.0 = Release|Any CPU
		{8E425B20-DA17-4BA6-A234-6F789C51C289}.Release|iPhone.Deploy.0 = Release|Any CPU
		{8E425B20-DA17-4BA6-A234-6F789C51C289}.Release|iPhoneSimulator.ActiveCfg = Release|Any CPU
		{8E425B20-DA17-4BA6-A234-6F789C51C289}.Release|iPhoneSimulator.Build.0 = Release|Any CPU
		{8E425B20-DA17-4BA6-A234-6F789C51C289}.Release|iPhoneSimulator.Deploy.0 = Release|Any CPU
		{8E425B20-DA17-4BA6-A234-6F789C51C289}.Release|x64.ActiveCfg = Release|Any CPU
		{8E425B20-DA17-4BA6-A234-6F789C51C289}.Release|x64.Build.0 = Release|Any CPU
		{8E425B20-DA17-4BA6-A234-6F789C51C289}.Release|x64.Deploy.0 = Release|Any CPU
		{8E425B20-DA17-4BA6-A234-6F789C51C289}.Release|x86.ActiveCfg = Release|Any CPU
		{8E425B20-DA17-4BA6-A234-6F789C51C289}.Release|x86.Build.0 = Release|Any CPU
		{8E425B20-DA17-4BA6-A234-6F789C51C289}.Release|x86.Deploy.0 = Release|Any CPU
		{4CC2401E-F000-46E2-B372-83744FD4E1D2}.Ad-Hoc|Any CPU.ActiveCfg = Ad-Hoc|iPhone
		{4CC2401E-F000-46E2-B372-83744FD4E1D2}.Ad-Hoc|Any CPU.Build.0 = Ad-Hoc|iPhone
		{4CC2401E-F000-46E2-B372-83744FD4E1D2}.Ad-Hoc|Any CPU.Deploy.0 = Ad-Hoc|iPhone
		{4CC2401E-F000-46E2-B372-83744FD4E1D2}.Ad-Hoc|ARM.ActiveCfg = Ad-Hoc|iPhone
		{4CC2401E-F000-46E2-B372-83744FD4E1D2}.Ad-Hoc|ARM.Build.0 = Ad-Hoc|iPhone
		{4CC2401E-F000-46E2-B372-83744FD4E1D2}.Ad-Hoc|ARM.Deploy.0 = Ad-Hoc|iPhone
		{4CC2401E-F000-46E2-B372-83744FD4E1D2}.Ad-Hoc|iPhone.ActiveCfg = Ad-Hoc|iPhone
		{4CC2401E-F000-46E2-B372-83744FD4E1D2}.Ad-Hoc|iPhone.Build.0 = Ad-Hoc|iPhone
		{4CC2401E-F000-46E2-B372-83744FD4E1D2}.Ad-Hoc|iPhone.Deploy.0 = Ad-Hoc|iPhone
		{4CC2401E-F000-46E2-B372-83744FD4E1D2}.Ad-Hoc|iPhoneSimulator.ActiveCfg = Ad-Hoc|iPhoneSimulator
		{4CC2401E-F000-46E2-B372-83744FD4E1D2}.Ad-Hoc|iPhoneSimulator.Build.0 = Ad-Hoc|iPhoneSimulator
		{4CC2401E-F000-46E2-B372-83744FD4E1D2}.Ad-Hoc|iPhoneSimulator.Deploy.0 = Ad-Hoc|iPhoneSimulator
		{4CC2401E-F000-46E2-B372-83744FD4E1D2}.Ad-Hoc|x64.ActiveCfg = Ad-Hoc|iPhone
		{4CC2401E-F000-46E2-B372-83744FD4E1D2}.Ad-Hoc|x64.Build.0 = Ad-Hoc|iPhone
		{4CC2401E-F000-46E2-B372-83744FD4E1D2}.Ad-Hoc|x64.Deploy.0 = Ad-Hoc|iPhone
		{4CC2401E-F000-46E2-B372-83744FD4E1D2}.Ad-Hoc|x86.ActiveCfg = Ad-Hoc|iPhone
		{4CC2401E-F000-46E2-B372-83744FD4E1D2}.Ad-Hoc|x86.Build.0 = Ad-Hoc|iPhone
		{4CC2401E-F000-46E2-B372-83744FD4E1D2}.Ad-Hoc|x86.Deploy.0 = Ad-Hoc|iPhone
		{4CC2401E-F000-46E2-B372-83744FD4E1D2}.AppStore|Any CPU.ActiveCfg = AppStore|iPhone
		{4CC2401E-F000-46E2-B372-83744FD4E1D2}.AppStore|Any CPU.Build.0 = AppStore|iPhone
		{4CC2401E-F000-46E2-B372-83744FD4E1D2}.AppStore|Any CPU.Deploy.0 = AppStore|iPhone
		{4CC2401E-F000-46E2-B372-83744FD4E1D2}.AppStore|ARM.ActiveCfg = AppStore|iPhone
		{4CC2401E-F000-46E2-B372-83744FD4E1D2}.AppStore|ARM.Build.0 = AppStore|iPhone
		{4CC2401E-F000-46E2-B372-83744FD4E1D2}.AppStore|ARM.Deploy.0 = AppStore|iPhone
		{4CC2401E-F000-46E2-B372-83744FD4E1D2}.AppStore|iPhone.ActiveCfg = AppStore|iPhone
		{4CC2401E-F000-46E2-B372-83744FD4E1D2}.AppStore|iPhone.Build.0 = AppStore|iPhone
		{4CC2401E-F000-46E2-B372-83744FD4E1D2}.AppStore|iPhone.Deploy.0 = AppStore|iPhone
		{4CC2401E-F000-46E2-B372-83744FD4E1D2}.AppStore|iPhoneSimulator.ActiveCfg = AppStore|iPhoneSimulator
		{4CC2401E-F000-46E2-B372-83744FD4E1D2}.AppStore|iPhoneSimulator.Build.0 = AppStore|iPhoneSimulator
		{4CC2401E-F000-46E2-B372-83744FD4E1D2}.AppStore|iPhoneSimulator.Deploy.0 = AppStore|iPhoneSimulator
		{4CC2401E-F000-46E2-B372-83744FD4E1D2}.AppStore|x64.ActiveCfg = AppStore|iPhone
		{4CC2401E-F000-46E2-B372-83744FD4E1D2}.AppStore|x64.Build.0 = AppStore|iPhone
		{4CC2401E-F000-46E2-B372-83744FD4E1D2}.AppStore|x64.Deploy.0 = AppStore|iPhone
		{4CC2401E-F000-46E2-B372-83744FD4E1D2}.AppStore|x86.ActiveCfg = AppStore|iPhone
		{4CC2401E-F000-46E2-B372-83744FD4E1D2}.AppStore|x86.Build.0 = AppStore|iPhone
		{4CC2401E-F000-46E2-B372-83744FD4E1D2}.AppStore|x86.Deploy.0 = AppStore|iPhone
		{4CC2401E-F000-46E2-B372-83744FD4E1D2}.Debug|Any CPU.ActiveCfg = Debug|iPhoneSimulator
		{4CC2401E-F000-46E2-B372-83744FD4E1D2}.Debug|Any CPU.Build.0 = Debug|iPhoneSimulator
		{4CC2401E-F000-46E2-B372-83744FD4E1D2}.Debug|Any CPU.Deploy.0 = Debug|iPhoneSimulator
		{4CC2401E-F000-46E2-B372-83744FD4E1D2}.Debug|ARM.ActiveCfg = Debug|iPhone
		{4CC2401E-F000-46E2-B372-83744FD4E1D2}.Debug|ARM.Build.0 = Debug|iPhone
		{4CC2401E-F000-46E2-B372-83744FD4E1D2}.Debug|ARM.Deploy.0 = Debug|iPhone
		{4CC2401E-F000-46E2-B372-83744FD4E1D2}.Debug|iPhone.ActiveCfg = Debug|iPhone
		{4CC2401E-F000-46E2-B372-83744FD4E1D2}.Debug|iPhone.Build.0 = Debug|iPhone
		{4CC2401E-F000-46E2-B372-83744FD4E1D2}.Debug|iPhone.Deploy.0 = Debug|iPhone
		{4CC2401E-F000-46E2-B372-83744FD4E1D2}.Debug|iPhoneSimulator.ActiveCfg = Debug|iPhoneSimulator
		{4CC2401E-F000-46E2-B372-83744FD4E1D2}.Debug|iPhoneSimulator.Build.0 = Debug|iPhoneSimulator
		{4CC2401E-F000-46E2-B372-83744FD4E1D2}.Debug|iPhoneSimulator.Deploy.0 = Debug|iPhoneSimulator
		{4CC2401E-F000-46E2-B372-83744FD4E1D2}.Debug|x64.ActiveCfg = Debug|iPhone
		{4CC2401E-F000-46E2-B372-83744FD4E1D2}.Debug|x64.Build.0 = Debug|iPhone
		{4CC2401E-F000-46E2-B372-83744FD4E1D2}.Debug|x64.Deploy.0 = Debug|iPhone
		{4CC2401E-F000-46E2-B372-83744FD4E1D2}.Debug|x86.ActiveCfg = Debug|iPhone
		{4CC2401E-F000-46E2-B372-83744FD4E1D2}.Debug|x86.Build.0 = Debug|iPhone
		{4CC2401E-F000-46E2-B372-83744FD4E1D2}.Debug|x86.Deploy.0 = Debug|iPhone
		{4CC2401E-F000-46E2-B372-83744FD4E1D2}.Release|Any CPU.ActiveCfg = Release|iPhone
		{4CC2401E-F000-46E2-B372-83744FD4E1D2}.Release|Any CPU.Build.0 = Release|iPhone
		{4CC2401E-F000-46E2-B372-83744FD4E1D2}.Release|Any CPU.Deploy.0 = Release|iPhone
		{4CC2401E-F000-46E2-B372-83744FD4E1D2}.Release|ARM.ActiveCfg = Release|iPhone
		{4CC2401E-F000-46E2-B372-83744FD4E1D2}.Release|ARM.Build.0 = Release|iPhone
		{4CC2401E-F000-46E2-B372-83744FD4E1D2}.Release|ARM.Deploy.0 = Release|iPhone
		{4CC2401E-F000-46E2-B372-83744FD4E1D2}.Release|iPhone.ActiveCfg = Release|iPhone
		{4CC2401E-F000-46E2-B372-83744FD4E1D2}.Release|iPhone.Build.0 = Release|iPhone
		{4CC2401E-F000-46E2-B372-83744FD4E1D2}.Release|iPhone.Deploy.0 = Release|iPhone
		{4CC2401E-F000-46E2-B372-83744FD4E1D2}.Release|iPhoneSimulator.ActiveCfg = Release|iPhoneSimulator
		{4CC2401E-F000-46E2-B372-83744FD4E1D2}.Release|iPhoneSimulator.Build.0 = Release|iPhoneSimulator
		{4CC2401E-F000-46E2-B372-83744FD4E1D2}.Release|iPhoneSimulator.Deploy.0 = Release|iPhoneSimulator
		{4CC2401E-F000-46E2-B372-83744FD4E1D2}.Release|x64.ActiveCfg = Release|iPhone
		{4CC2401E-F000-46E2-B372-83744FD4E1D2}.Release|x64.Build.0 = Release|iPhone
		{4CC2401E-F000-46E2-B372-83744FD4E1D2}.Release|x64.Deploy.0 = Release|iPhone
		{4CC2401E-F000-46E2-B372-83744FD4E1D2}.Release|x86.ActiveCfg = Release|iPhone
		{4CC2401E-F000-46E2-B372-83744FD4E1D2}.Release|x86.Build.0 = Release|iPhone
		{4CC2401E-F000-46E2-B372-83744FD4E1D2}.Release|x86.Deploy.0 = Release|iPhone
		{B222B83F-8552-4415-B86E-EA2B6FA61B97}.Ad-Hoc|Any CPU.ActiveCfg = Release|x86
		{B222B83F-8552-4415-B86E-EA2B6FA61B97}.Ad-Hoc|Any CPU.Build.0 = Release|x86
		{B222B83F-8552-4415-B86E-EA2B6FA61B97}.Ad-Hoc|Any CPU.Deploy.0 = Release|x86
		{B222B83F-8552-4415-B86E-EA2B6FA61B97}.Ad-Hoc|ARM.ActiveCfg = Release|ARM
		{B222B83F-8552-4415-B86E-EA2B6FA61B97}.Ad-Hoc|ARM.Build.0 = Release|ARM
		{B222B83F-8552-4415-B86E-EA2B6FA61B97}.Ad-Hoc|ARM.Deploy.0 = Release|ARM
		{B222B83F-8552-4415-B86E-EA2B6FA61B97}.Ad-Hoc|iPhone.ActiveCfg = Release|x86
		{B222B83F-8552-4415-B86E-EA2B6FA61B97}.Ad-Hoc|iPhone.Build.0 = Release|x86
		{B222B83F-8552-4415-B86E-EA2B6FA61B97}.Ad-Hoc|iPhone.Deploy.0 = Release|x86
		{B222B83F-8552-4415-B86E-EA2B6FA61B97}.Ad-Hoc|iPhoneSimulator.ActiveCfg = Release|x86
		{B222B83F-8552-4415-B86E-EA2B6FA61B97}.Ad-Hoc|iPhoneSimulator.Build.0 = Release|x86
		{B222B83F-8552-4415-B86E-EA2B6FA61B97}.Ad-Hoc|iPhoneSimulator.Deploy.0 = Release|x86
		{B222B83F-8552-4415-B86E-EA2B6FA61B97}.Ad-Hoc|x64.ActiveCfg = Release|x64
		{B222B83F-8552-4415-B86E-EA2B6FA61B97}.Ad-Hoc|x64.Build.0 = Release|x64
		{B222B83F-8552-4415-B86E-EA2B6FA61B97}.Ad-Hoc|x64.Deploy.0 = Release|x64
		{B222B83F-8552-4415-B86E-EA2B6FA61B97}.Ad-Hoc|x86.ActiveCfg = Release|x86
		{B222B83F-8552-4415-B86E-EA2B6FA61B97}.Ad-Hoc|x86.Build.0 = Release|x86
		{B222B83F-8552-4415-B86E-EA2B6FA61B97}.Ad-Hoc|x86.Deploy.0 = Release|x86
		{B222B83F-8552-4415-B86E-EA2B6FA61B97}.AppStore|Any CPU.ActiveCfg = Release|x86
		{B222B83F-8552-4415-B86E-EA2B6FA61B97}.AppStore|Any CPU.Build.0 = Release|x86
		{B222B83F-8552-4415-B86E-EA2B6FA61B97}.AppStore|Any CPU.Deploy.0 = Release|x86
		{B222B83F-8552-4415-B86E-EA2B6FA61B97}.AppStore|ARM.ActiveCfg = Release|ARM
		{B222B83F-8552-4415-B86E-EA2B6FA61B97}.AppStore|ARM.Build.0 = Release|ARM
		{B222B83F-8552-4415-B86E-EA2B6FA61B97}.AppStore|ARM.Deploy.0 = Release|ARM
		{B222B83F-8552-4415-B86E-EA2B6FA61B97}.AppStore|iPhone.ActiveCfg = Release|x86
		{B222B83F-8552-4415-B86E-EA2B6FA61B97}.AppStore|iPhone.Build.0 = Release|x86
		{B222B83F-8552-4415-B86E-EA2B6FA61B97}.AppStore|iPhone.Deploy.0 = Release|x86
		{B222B83F-8552-4415-B86E-EA2B6FA61B97}.AppStore|iPhoneSimulator.ActiveCfg = Release|x86
		{B222B83F-8552-4415-B86E-EA2B6FA61B97}.AppStore|iPhoneSimulator.Build.0 = Release|x86
		{B222B83F-8552-4415-B86E-EA2B6FA61B97}.AppStore|iPhoneSimulator.Deploy.0 = Release|x86
		{B222B83F-8552-4415-B86E-EA2B6FA61B97}.AppStore|x64.ActiveCfg = Release|x64
		{B222B83F-8552-4415-B86E-EA2B6FA61B97}.AppStore|x64.Build.0 = Release|x64
		{B222B83F-8552-4415-B86E-EA2B6FA61B97}.AppStore|x64.Deploy.0 = Release|x64
		{B222B83F-8552-4415-B86E-EA2B6FA61B97}.AppStore|x86.ActiveCfg = Release|x86
		{B222B83F-8552-4415-B86E-EA2B6FA61B97}.AppStore|x86.Build.0 = Release|x86
		{B222B83F-8552-4415-B86E-EA2B6FA61B97}.AppStore|x86.Deploy.0 = Release|x86
		{B222B83F-8552-4415-B86E-EA2B6FA61B97}.Debug|Any CPU.ActiveCfg = Debug|x86
		{B222B83F-8552-4415-B86E-EA2B6FA61B97}.Debug|Any CPU.Build.0 = Debug|x86
		{B222B83F-8552-4415-B86E-EA2B6FA61B97}.Debug|Any CPU.Deploy.0 = Debug|x86
		{B222B83F-8552-4415-B86E-EA2B6FA61B97}.Debug|ARM.ActiveCfg = Debug|ARM
		{B222B83F-8552-4415-B86E-EA2B6FA61B97}.Debug|ARM.Build.0 = Debug|ARM
		{B222B83F-8552-4415-B86E-EA2B6FA61B97}.Debug|ARM.Deploy.0 = Debug|ARM
		{B222B83F-8552-4415-B86E-EA2B6FA61B97}.Debug|iPhone.ActiveCfg = Debug|x86
		{B222B83F-8552-4415-B86E-EA2B6FA61B97}.Debug|iPhone.Build.0 = Debug|x86
		{B222B83F-8552-4415-B86E-EA2B6FA61B97}.Debug|iPhone.Deploy.0 = Debug|x86
		{B222B83F-8552-4415-B86E-EA2B6FA61B97}.Debug|iPhoneSimulator.ActiveCfg = Debug|x86
		{B222B83F-8552-4415-B86E-EA2B6FA61B97}.Debug|iPhoneSimulator.Build.0 = Debug|x86
		{B222B83F-8552-4415-B86E-EA2B6FA61B97}.Debug|iPhoneSimulator.Deploy.0 = Debug|x86
		{B222B83F-8552-4415-B86E-EA2B6FA61B97}.Debug|x64.ActiveCfg = Debug|x64
		{B222B83F-8552-4415-B86E-EA2B6FA61B97}.Debug|x64.Build.0 = Debug|x64
		{B222B83F-8552-4415-B86E-EA2B6FA61B97}.Debug|x64.Deploy.0 = Debug|x64
		{B222B83F-8552-4415-B86E-EA2B6FA61B97}.Debug|x86.ActiveCfg = Debug|x86
		{B222B83F-8552-4415-B86E-EA2B6FA61B97}.Debug|x86.Build.0 = Debug|x86
		{B222B83F-8552-4415-B86E-EA2B6FA61B97}.Debug|x86.Deploy.0 = Debug|x86
		{B222B83F-8552-4415-B86E-EA2B6FA61B97}.Release|Any CPU.ActiveCfg = Release|x86
		{B222B83F-8552-4415-B86E-EA2B6FA61B97}.Release|Any CPU.Build.0 = Release|x86
		{B222B83F-8552-4415-B86E-EA2B6FA61B97}.Release|Any CPU.Deploy.0 = Release|x86
		{B222B83F-8552-4415-B86E-EA2B6FA61B97}.Release|ARM.ActiveCfg = Release|ARM
		{B222B83F-8552-4415-B86E-EA2B6FA61B97}.Release|ARM.Build.0 = Release|ARM
		{B222B83F-8552-4415-B86E-EA2B6FA61B97}.Release|ARM.Deploy.0 = Release|ARM
		{B222B83F-8552-4415-B86E-EA2B6FA61B97}.Release|iPhone.ActiveCfg = Release|x86
		{B222B83F-8552-4415-B86E-EA2B6FA61B97}.Release|iPhone.Build.0 = Release|x86
		{B222B83F-8552-4415-B86E-EA2B6FA61B97}.Release|iPhone.Deploy.0 = Release|x86
		{B222B83F-8552-4415-B86E-EA2B6FA61B97}.Release|iPhoneSimulator.ActiveCfg = Release|x86
		{B222B83F-8552-4415-B86E-EA2B6FA61B97}.Release|iPhoneSimulator.Build.0 = Release|x86
		{B222B83F-8552-4415-B86E-EA2B6FA61B97}.Release|iPhoneSimulator.Deploy.0 = Release|x86
		{B222B83F-8552-4415-B86E-EA2B6FA61B97}.Release|x64.ActiveCfg = Release|x64
		{B222B83F-8552-4415-B86E-EA2B6FA61B97}.Release|x64.Build.0 = Release|x64
		{B222B83F-8552-4415-B86E-EA2B6FA61B97}.Release|x64.Deploy.0 = Release|x64
		{B222B83F-8552-4415-B86E-EA2B6FA61B97}.Release|x86.ActiveCfg = Release|x86
		{B222B83F-8552-4415-B86E-EA2B6FA61B97}.Release|x86.Build.0 = Release|x86
		{B222B83F-8552-4415-B86E-EA2B6FA61B97}.Release|x86.Deploy.0 = Release|x86
		{95CCFBC5-3AF6-4CEF-BAB9-98F56B29D223}.Ad-Hoc|Any CPU.ActiveCfg = Debug|Any CPU
		{95CCFBC5-3AF6-4CEF-BAB9-98F56B29D223}.Ad-Hoc|Any CPU.Build.0 = Debug|Any CPU
		{95CCFBC5-3AF6-4CEF-BAB9-98F56B29D223}.Ad-Hoc|Any CPU.Deploy.0 = Debug|Any CPU
		{95CCFBC5-3AF6-4CEF-BAB9-98F56B29D223}.Ad-Hoc|ARM.ActiveCfg = Debug|Any CPU
		{95CCFBC5-3AF6-4CEF-BAB9-98F56B29D223}.Ad-Hoc|ARM.Build.0 = Debug|Any CPU
		{95CCFBC5-3AF6-4CEF-BAB9-98F56B29D223}.Ad-Hoc|ARM.Deploy.0 = Debug|Any CPU
		{95CCFBC5-3AF6-4CEF-BAB9-98F56B29D223}.Ad-Hoc|iPhone.ActiveCfg = Debug|Any CPU
		{95CCFBC5-3AF6-4CEF-BAB9-98F56B29D223}.Ad-Hoc|iPhone.Build.0 = Debug|Any CPU
		{95CCFBC5-3AF6-4CEF-BAB9-98F56B29D223}.Ad-Hoc|iPhone.Deploy.0 = Debug|Any CPU
		{95CCFBC5-3AF6-4CEF-BAB9-98F56B29D223}.Ad-Hoc|iPhoneSimulator.ActiveCfg = Debug|Any CPU
		{95CCFBC5-3AF6-4CEF-BAB9-98F56B29D223}.Ad-Hoc|iPhoneSimulator.Build.0 = Debug|Any CPU
		{95CCFBC5-3AF6-4CEF-BAB9-98F56B29D223}.Ad-Hoc|iPhoneSimulator.Deploy.0 = Debug|Any CPU
		{95CCFBC5-3AF6-4CEF-BAB9-98F56B29D223}.Ad-Hoc|x64.ActiveCfg = Debug|Any CPU
		{95CCFBC5-3AF6-4CEF-BAB9-98F56B29D223}.Ad-Hoc|x64.Build.0 = Debug|Any CPU
		{95CCFBC5-3AF6-4CEF-BAB9-98F56B29D223}.Ad-Hoc|x64.Deploy.0 = Debug|Any CPU
		{95CCFBC5-3AF6-4CEF-BAB9-98F56B29D223}.Ad-Hoc|x86.ActiveCfg = Debug|Any CPU
		{95CCFBC5-3AF6-4CEF-BAB9-98F56B29D223}.Ad-Hoc|x86.Build.0 = Debug|Any CPU
		{95CCFBC5-3AF6-4CEF-BAB9-98F56B29D223}.Ad-Hoc|x86.Deploy.0 = Debug|Any CPU
		{95CCFBC5-3AF6-4CEF-BAB9-98F56B29D223}.AppStore|Any CPU.ActiveCfg = Debug|Any CPU
		{95CCFBC5-3AF6-4CEF-BAB9-98F56B29D223}.AppStore|Any CPU.Build.0 = Debug|Any CPU
		{95CCFBC5-3AF6-4CEF-BAB9-98F56B29D223}.AppStore|Any CPU.Deploy.0 = Debug|Any CPU
		{95CCFBC5-3AF6-4CEF-BAB9-98F56B29D223}.AppStore|ARM.ActiveCfg = Debug|Any CPU
		{95CCFBC5-3AF6-4CEF-BAB9-98F56B29D223}.AppStore|ARM.Build.0 = Debug|Any CPU
		{95CCFBC5-3AF6-4CEF-BAB9-98F56B29D223}.AppStore|ARM.Deploy.0 = Debug|Any CPU
		{95CCFBC5-3AF6-4CEF-BAB9-98F56B29D223}.AppStore|iPhone.ActiveCfg = Debug|Any CPU
		{95CCFBC5-3AF6-4CEF-BAB9-98F56B29D223}.AppStore|iPhone.Build.0 = Debug|Any CPU
		{95CCFBC5-3AF6-4CEF-BAB9-98F56B29D223}.AppStore|iPhone.Deploy.0 = Debug|Any CPU
		{95CCFBC5-3AF6-4CEF-BAB9-98F56B29D223}.AppStore|iPhoneSimulator.ActiveCfg = Debug|Any CPU
		{95CCFBC5-3AF6-4CEF-BAB9-98F56B29D223}.AppStore|iPhoneSimulator.Build.0 = Debug|Any CPU
		{95CCFBC5-3AF6-4CEF-BAB9-98F56B29D223}.AppStore|iPhoneSimulator.Deploy.0 = Debug|Any CPU
		{95CCFBC5-3AF6-4CEF-BAB9-98F56B29D223}.AppStore|x64.ActiveCfg = Debug|Any CPU
		{95CCFBC5-3AF6-4CEF-BAB9-98F56B29D223}.AppStore|x64.Build.0 = Debug|Any CPU
		{95CCFBC5-3AF6-4CEF-BAB9-98F56B29D223}.AppStore|x64.Deploy.0 = Debug|Any CPU
		{95CCFBC5-3AF6-4CEF-BAB9-98F56B29D223}.AppStore|x86.ActiveCfg = Debug|Any CPU
		{95CCFBC5-3AF6-4CEF-BAB9-98F56B29D223}.AppStore|x86.Build.0 = Debug|Any CPU
		{95CCFBC5-3AF6-4CEF-BAB9-98F56B29D223}.AppStore|x86.Deploy.0 = Debug|Any CPU
		{95CCFBC5-3AF6-4CEF-BAB9-98F56B29D223}.Debug|Any CPU.ActiveCfg = Debug|Any CPU
		{95CCFBC5-3AF6-4CEF-BAB9-98F56B29D223}.Debug|Any CPU.Build.0 = Debug|Any CPU
		{95CCFBC5-3AF6-4CEF-BAB9-98F56B29D223}.Debug|Any CPU.Deploy.0 = Debug|Any CPU
		{95CCFBC5-3AF6-4CEF-BAB9-98F56B29D223}.Debug|ARM.ActiveCfg = Debug|Any CPU
		{95CCFBC5-3AF6-4CEF-BAB9-98F56B29D223}.Debug|ARM.Build.0 = Debug|Any CPU
		{95CCFBC5-3AF6-4CEF-BAB9-98F56B29D223}.Debug|ARM.Deploy.0 = Debug|Any CPU
		{95CCFBC5-3AF6-4CEF-BAB9-98F56B29D223}.Debug|iPhone.ActiveCfg = Debug|Any CPU
		{95CCFBC5-3AF6-4CEF-BAB9-98F56B29D223}.Debug|iPhone.Build.0 = Debug|Any CPU
		{95CCFBC5-3AF6-4CEF-BAB9-98F56B29D223}.Debug|iPhone.Deploy.0 = Debug|Any CPU
		{95CCFBC5-3AF6-4CEF-BAB9-98F56B29D223}.Debug|iPhoneSimulator.ActiveCfg = Debug|Any CPU
		{95CCFBC5-3AF6-4CEF-BAB9-98F56B29D223}.Debug|iPhoneSimulator.Build.0 = Debug|Any CPU
		{95CCFBC5-3AF6-4CEF-BAB9-98F56B29D223}.Debug|iPhoneSimulator.Deploy.0 = Debug|Any CPU
		{95CCFBC5-3AF6-4CEF-BAB9-98F56B29D223}.Debug|x64.ActiveCfg = Debug|Any CPU
		{95CCFBC5-3AF6-4CEF-BAB9-98F56B29D223}.Debug|x64.Build.0 = Debug|Any CPU
		{95CCFBC5-3AF6-4CEF-BAB9-98F56B29D223}.Debug|x64.Deploy.0 = Debug|Any CPU
		{95CCFBC5-3AF6-4CEF-BAB9-98F56B29D223}.Debug|x86.ActiveCfg = Debug|Any CPU
		{95CCFBC5-3AF6-4CEF-BAB9-98F56B29D223}.Debug|x86.Build.0 = Debug|Any CPU
		{95CCFBC5-3AF6-4CEF-BAB9-98F56B29D223}.Debug|x86.Deploy.0 = Debug|Any CPU
		{95CCFBC5-3AF6-4CEF-BAB9-98F56B29D223}.Release|Any CPU.ActiveCfg = Release|Any CPU
		{95CCFBC5-3AF6-4CEF-BAB9-98F56B29D223}.Release|Any CPU.Build.0 = Release|Any CPU
		{95CCFBC5-3AF6-4CEF-BAB9-98F56B29D223}.Release|Any CPU.Deploy.0 = Release|Any CPU
		{95CCFBC5-3AF6-4CEF-BAB9-98F56B29D223}.Release|ARM.ActiveCfg = Release|Any CPU
		{95CCFBC5-3AF6-4CEF-BAB9-98F56B29D223}.Release|ARM.Build.0 = Release|Any CPU
		{95CCFBC5-3AF6-4CEF-BAB9-98F56B29D223}.Release|ARM.Deploy.0 = Release|Any CPU
		{95CCFBC5-3AF6-4CEF-BAB9-98F56B29D223}.Release|iPhone.ActiveCfg = Release|Any CPU
		{95CCFBC5-3AF6-4CEF-BAB9-98F56B29D223}.Release|iPhone.Build.0 = Release|Any CPU
		{95CCFBC5-3AF6-4CEF-BAB9-98F56B29D223}.Release|iPhone.Deploy.0 = Release|Any CPU
		{95CCFBC5-3AF6-4CEF-BAB9-98F56B29D223}.Release|iPhoneSimulator.ActiveCfg = Release|Any CPU
		{95CCFBC5-3AF6-4CEF-BAB9-98F56B29D223}.Release|iPhoneSimulator.Build.0 = Release|Any CPU
		{95CCFBC5-3AF6-4CEF-BAB9-98F56B29D223}.Release|iPhoneSimulator.Deploy.0 = Release|Any CPU
		{95CCFBC5-3AF6-4CEF-BAB9-98F56B29D223}.Release|x64.ActiveCfg = Release|Any CPU
		{95CCFBC5-3AF6-4CEF-BAB9-98F56B29D223}.Release|x64.Build.0 = Release|Any CPU
		{95CCFBC5-3AF6-4CEF-BAB9-98F56B29D223}.Release|x64.Deploy.0 = Release|Any CPU
		{95CCFBC5-3AF6-4CEF-BAB9-98F56B29D223}.Release|x86.ActiveCfg = Release|Any CPU
		{95CCFBC5-3AF6-4CEF-BAB9-98F56B29D223}.Release|x86.Build.0 = Release|Any CPU
		{95CCFBC5-3AF6-4CEF-BAB9-98F56B29D223}.Release|x86.Deploy.0 = Release|Any CPU
		{20DA8994-3F3C-4FF1-A67D-1FC8999619B1}.Ad-Hoc|Any CPU.ActiveCfg = Debug|Any CPU
		{20DA8994-3F3C-4FF1-A67D-1FC8999619B1}.Ad-Hoc|Any CPU.Build.0 = Debug|Any CPU
		{20DA8994-3F3C-4FF1-A67D-1FC8999619B1}.Ad-Hoc|ARM.ActiveCfg = Debug|Any CPU
		{20DA8994-3F3C-4FF1-A67D-1FC8999619B1}.Ad-Hoc|ARM.Build.0 = Debug|Any CPU
		{20DA8994-3F3C-4FF1-A67D-1FC8999619B1}.Ad-Hoc|iPhone.ActiveCfg = Debug|Any CPU
		{20DA8994-3F3C-4FF1-A67D-1FC8999619B1}.Ad-Hoc|iPhone.Build.0 = Debug|Any CPU
		{20DA8994-3F3C-4FF1-A67D-1FC8999619B1}.Ad-Hoc|iPhoneSimulator.ActiveCfg = Debug|Any CPU
		{20DA8994-3F3C-4FF1-A67D-1FC8999619B1}.Ad-Hoc|iPhoneSimulator.Build.0 = Debug|Any CPU
		{20DA8994-3F3C-4FF1-A67D-1FC8999619B1}.Ad-Hoc|x64.ActiveCfg = Debug|Any CPU
		{20DA8994-3F3C-4FF1-A67D-1FC8999619B1}.Ad-Hoc|x64.Build.0 = Debug|Any CPU
		{20DA8994-3F3C-4FF1-A67D-1FC8999619B1}.Ad-Hoc|x86.ActiveCfg = Debug|Any CPU
		{20DA8994-3F3C-4FF1-A67D-1FC8999619B1}.Ad-Hoc|x86.Build.0 = Debug|Any CPU
		{20DA8994-3F3C-4FF1-A67D-1FC8999619B1}.AppStore|Any CPU.ActiveCfg = Debug|Any CPU
		{20DA8994-3F3C-4FF1-A67D-1FC8999619B1}.AppStore|Any CPU.Build.0 = Debug|Any CPU
		{20DA8994-3F3C-4FF1-A67D-1FC8999619B1}.AppStore|ARM.ActiveCfg = Debug|Any CPU
		{20DA8994-3F3C-4FF1-A67D-1FC8999619B1}.AppStore|ARM.Build.0 = Debug|Any CPU
		{20DA8994-3F3C-4FF1-A67D-1FC8999619B1}.AppStore|iPhone.ActiveCfg = Debug|Any CPU
		{20DA8994-3F3C-4FF1-A67D-1FC8999619B1}.AppStore|iPhone.Build.0 = Debug|Any CPU
		{20DA8994-3F3C-4FF1-A67D-1FC8999619B1}.AppStore|iPhoneSimulator.ActiveCfg = Debug|Any CPU
		{20DA8994-3F3C-4FF1-A67D-1FC8999619B1}.AppStore|iPhoneSimulator.Build.0 = Debug|Any CPU
		{20DA8994-3F3C-4FF1-A67D-1FC8999619B1}.AppStore|x64.ActiveCfg = Debug|Any CPU
		{20DA8994-3F3C-4FF1-A67D-1FC8999619B1}.AppStore|x64.Build.0 = Debug|Any CPU
		{20DA8994-3F3C-4FF1-A67D-1FC8999619B1}.AppStore|x86.ActiveCfg = Debug|Any CPU
		{20DA8994-3F3C-4FF1-A67D-1FC8999619B1}.AppStore|x86.Build.0 = Debug|Any CPU
		{20DA8994-3F3C-4FF1-A67D-1FC8999619B1}.Debug|Any CPU.ActiveCfg = Debug|Any CPU
		{20DA8994-3F3C-4FF1-A67D-1FC8999619B1}.Debug|Any CPU.Build.0 = Debug|Any CPU
		{20DA8994-3F3C-4FF1-A67D-1FC8999619B1}.Debug|ARM.ActiveCfg = Debug|Any CPU
		{20DA8994-3F3C-4FF1-A67D-1FC8999619B1}.Debug|ARM.Build.0 = Debug|Any CPU
		{20DA8994-3F3C-4FF1-A67D-1FC8999619B1}.Debug|iPhone.ActiveCfg = Debug|Any CPU
		{20DA8994-3F3C-4FF1-A67D-1FC8999619B1}.Debug|iPhone.Build.0 = Debug|Any CPU
		{20DA8994-3F3C-4FF1-A67D-1FC8999619B1}.Debug|iPhoneSimulator.ActiveCfg = Debug|Any CPU
		{20DA8994-3F3C-4FF1-A67D-1FC8999619B1}.Debug|iPhoneSimulator.Build.0 = Debug|Any CPU
		{20DA8994-3F3C-4FF1-A67D-1FC8999619B1}.Debug|x64.ActiveCfg = Debug|Any CPU
		{20DA8994-3F3C-4FF1-A67D-1FC8999619B1}.Debug|x64.Build.0 = Debug|Any CPU
		{20DA8994-3F3C-4FF1-A67D-1FC8999619B1}.Debug|x86.ActiveCfg = Debug|Any CPU
		{20DA8994-3F3C-4FF1-A67D-1FC8999619B1}.Debug|x86.Build.0 = Debug|Any CPU
		{20DA8994-3F3C-4FF1-A67D-1FC8999619B1}.Release|Any CPU.ActiveCfg = Release|Any CPU
		{20DA8994-3F3C-4FF1-A67D-1FC8999619B1}.Release|Any CPU.Build.0 = Release|Any CPU
		{20DA8994-3F3C-4FF1-A67D-1FC8999619B1}.Release|ARM.ActiveCfg = Release|Any CPU
		{20DA8994-3F3C-4FF1-A67D-1FC8999619B1}.Release|ARM.Build.0 = Release|Any CPU
		{20DA8994-3F3C-4FF1-A67D-1FC8999619B1}.Release|iPhone.ActiveCfg = Release|Any CPU
		{20DA8994-3F3C-4FF1-A67D-1FC8999619B1}.Release|iPhone.Build.0 = Release|Any CPU
		{20DA8994-3F3C-4FF1-A67D-1FC8999619B1}.Release|iPhoneSimulator.ActiveCfg = Release|Any CPU
		{20DA8994-3F3C-4FF1-A67D-1FC8999619B1}.Release|iPhoneSimulator.Build.0 = Release|Any CPU
		{20DA8994-3F3C-4FF1-A67D-1FC8999619B1}.Release|x64.ActiveCfg = Release|Any CPU
		{20DA8994-3F3C-4FF1-A67D-1FC8999619B1}.Release|x64.Build.0 = Release|Any CPU
		{20DA8994-3F3C-4FF1-A67D-1FC8999619B1}.Release|x86.ActiveCfg = Release|Any CPU
		{20DA8994-3F3C-4FF1-A67D-1FC8999619B1}.Release|x86.Build.0 = Release|Any CPU
		{56C9DFE8-D284-46D0-B52D-44AC2B1AF19B}.Ad-Hoc|Any CPU.ActiveCfg = Debug|Any CPU
		{56C9DFE8-D284-46D0-B52D-44AC2B1AF19B}.Ad-Hoc|Any CPU.Build.0 = Debug|Any CPU
		{56C9DFE8-D284-46D0-B52D-44AC2B1AF19B}.Ad-Hoc|ARM.ActiveCfg = Debug|Any CPU
		{56C9DFE8-D284-46D0-B52D-44AC2B1AF19B}.Ad-Hoc|ARM.Build.0 = Debug|Any CPU
		{56C9DFE8-D284-46D0-B52D-44AC2B1AF19B}.Ad-Hoc|iPhone.ActiveCfg = Debug|Any CPU
		{56C9DFE8-D284-46D0-B52D-44AC2B1AF19B}.Ad-Hoc|iPhone.Build.0 = Debug|Any CPU
		{56C9DFE8-D284-46D0-B52D-44AC2B1AF19B}.Ad-Hoc|iPhoneSimulator.ActiveCfg = Debug|Any CPU
		{56C9DFE8-D284-46D0-B52D-44AC2B1AF19B}.Ad-Hoc|iPhoneSimulator.Build.0 = Debug|Any CPU
		{56C9DFE8-D284-46D0-B52D-44AC2B1AF19B}.Ad-Hoc|x64.ActiveCfg = Debug|Any CPU
		{56C9DFE8-D284-46D0-B52D-44AC2B1AF19B}.Ad-Hoc|x64.Build.0 = Debug|Any CPU
		{56C9DFE8-D284-46D0-B52D-44AC2B1AF19B}.Ad-Hoc|x86.ActiveCfg = Debug|Any CPU
		{56C9DFE8-D284-46D0-B52D-44AC2B1AF19B}.Ad-Hoc|x86.Build.0 = Debug|Any CPU
		{56C9DFE8-D284-46D0-B52D-44AC2B1AF19B}.AppStore|Any CPU.ActiveCfg = Debug|Any CPU
		{56C9DFE8-D284-46D0-B52D-44AC2B1AF19B}.AppStore|Any CPU.Build.0 = Debug|Any CPU
		{56C9DFE8-D284-46D0-B52D-44AC2B1AF19B}.AppStore|ARM.ActiveCfg = Debug|Any CPU
		{56C9DFE8-D284-46D0-B52D-44AC2B1AF19B}.AppStore|ARM.Build.0 = Debug|Any CPU
		{56C9DFE8-D284-46D0-B52D-44AC2B1AF19B}.AppStore|iPhone.ActiveCfg = Debug|Any CPU
		{56C9DFE8-D284-46D0-B52D-44AC2B1AF19B}.AppStore|iPhone.Build.0 = Debug|Any CPU
		{56C9DFE8-D284-46D0-B52D-44AC2B1AF19B}.AppStore|iPhoneSimulator.ActiveCfg = Debug|Any CPU
		{56C9DFE8-D284-46D0-B52D-44AC2B1AF19B}.AppStore|iPhoneSimulator.Build.0 = Debug|Any CPU
		{56C9DFE8-D284-46D0-B52D-44AC2B1AF19B}.AppStore|x64.ActiveCfg = Debug|Any CPU
		{56C9DFE8-D284-46D0-B52D-44AC2B1AF19B}.AppStore|x64.Build.0 = Debug|Any CPU
		{56C9DFE8-D284-46D0-B52D-44AC2B1AF19B}.AppStore|x86.ActiveCfg = Debug|Any CPU
		{56C9DFE8-D284-46D0-B52D-44AC2B1AF19B}.AppStore|x86.Build.0 = Debug|Any CPU
		{56C9DFE8-D284-46D0-B52D-44AC2B1AF19B}.Debug|Any CPU.ActiveCfg = Debug|Any CPU
		{56C9DFE8-D284-46D0-B52D-44AC2B1AF19B}.Debug|Any CPU.Build.0 = Debug|Any CPU
		{56C9DFE8-D284-46D0-B52D-44AC2B1AF19B}.Debug|ARM.ActiveCfg = Debug|Any CPU
		{56C9DFE8-D284-46D0-B52D-44AC2B1AF19B}.Debug|ARM.Build.0 = Debug|Any CPU
		{56C9DFE8-D284-46D0-B52D-44AC2B1AF19B}.Debug|iPhone.ActiveCfg = Debug|Any CPU
		{56C9DFE8-D284-46D0-B52D-44AC2B1AF19B}.Debug|iPhone.Build.0 = Debug|Any CPU
		{56C9DFE8-D284-46D0-B52D-44AC2B1AF19B}.Debug|iPhoneSimulator.ActiveCfg = Debug|Any CPU
		{56C9DFE8-D284-46D0-B52D-44AC2B1AF19B}.Debug|iPhoneSimulator.Build.0 = Debug|Any CPU
		{56C9DFE8-D284-46D0-B52D-44AC2B1AF19B}.Debug|x64.ActiveCfg = Debug|Any CPU
		{56C9DFE8-D284-46D0-B52D-44AC2B1AF19B}.Debug|x64.Build.0 = Debug|Any CPU
		{56C9DFE8-D284-46D0-B52D-44AC2B1AF19B}.Debug|x86.ActiveCfg = Debug|Any CPU
		{56C9DFE8-D284-46D0-B52D-44AC2B1AF19B}.Debug|x86.Build.0 = Debug|Any CPU
		{56C9DFE8-D284-46D0-B52D-44AC2B1AF19B}.Release|Any CPU.ActiveCfg = Release|Any CPU
		{56C9DFE8-D284-46D0-B52D-44AC2B1AF19B}.Release|Any CPU.Build.0 = Release|Any CPU
		{56C9DFE8-D284-46D0-B52D-44AC2B1AF19B}.Release|ARM.ActiveCfg = Release|Any CPU
		{56C9DFE8-D284-46D0-B52D-44AC2B1AF19B}.Release|ARM.Build.0 = Release|Any CPU
		{56C9DFE8-D284-46D0-B52D-44AC2B1AF19B}.Release|iPhone.ActiveCfg = Release|Any CPU
		{56C9DFE8-D284-46D0-B52D-44AC2B1AF19B}.Release|iPhone.Build.0 = Release|Any CPU
		{56C9DFE8-D284-46D0-B52D-44AC2B1AF19B}.Release|iPhoneSimulator.ActiveCfg = Release|Any CPU
		{56C9DFE8-D284-46D0-B52D-44AC2B1AF19B}.Release|iPhoneSimulator.Build.0 = Release|Any CPU
		{56C9DFE8-D284-46D0-B52D-44AC2B1AF19B}.Release|x64.ActiveCfg = Release|Any CPU
		{56C9DFE8-D284-46D0-B52D-44AC2B1AF19B}.Release|x64.Build.0 = Release|Any CPU
		{56C9DFE8-D284-46D0-B52D-44AC2B1AF19B}.Release|x86.ActiveCfg = Release|Any CPU
		{56C9DFE8-D284-46D0-B52D-44AC2B1AF19B}.Release|x86.Build.0 = Release|Any CPU
		{47153E1C-AD6C-448F-9F80-52F3EE493BE6}.Ad-Hoc|Any CPU.ActiveCfg = Debug|Any CPU
		{47153E1C-AD6C-448F-9F80-52F3EE493BE6}.Ad-Hoc|Any CPU.Build.0 = Debug|Any CPU
		{47153E1C-AD6C-448F-9F80-52F3EE493BE6}.Ad-Hoc|ARM.ActiveCfg = Debug|Any CPU
		{47153E1C-AD6C-448F-9F80-52F3EE493BE6}.Ad-Hoc|ARM.Build.0 = Debug|Any CPU
		{47153E1C-AD6C-448F-9F80-52F3EE493BE6}.Ad-Hoc|iPhone.ActiveCfg = Debug|Any CPU
		{47153E1C-AD6C-448F-9F80-52F3EE493BE6}.Ad-Hoc|iPhone.Build.0 = Debug|Any CPU
		{47153E1C-AD6C-448F-9F80-52F3EE493BE6}.Ad-Hoc|iPhoneSimulator.ActiveCfg = Debug|Any CPU
		{47153E1C-AD6C-448F-9F80-52F3EE493BE6}.Ad-Hoc|iPhoneSimulator.Build.0 = Debug|Any CPU
		{47153E1C-AD6C-448F-9F80-52F3EE493BE6}.Ad-Hoc|x64.ActiveCfg = Debug|Any CPU
		{47153E1C-AD6C-448F-9F80-52F3EE493BE6}.Ad-Hoc|x64.Build.0 = Debug|Any CPU
		{47153E1C-AD6C-448F-9F80-52F3EE493BE6}.Ad-Hoc|x86.ActiveCfg = Debug|Any CPU
		{47153E1C-AD6C-448F-9F80-52F3EE493BE6}.Ad-Hoc|x86.Build.0 = Debug|Any CPU
		{47153E1C-AD6C-448F-9F80-52F3EE493BE6}.AppStore|Any CPU.ActiveCfg = Debug|Any CPU
		{47153E1C-AD6C-448F-9F80-52F3EE493BE6}.AppStore|Any CPU.Build.0 = Debug|Any CPU
		{47153E1C-AD6C-448F-9F80-52F3EE493BE6}.AppStore|ARM.ActiveCfg = Debug|Any CPU
		{47153E1C-AD6C-448F-9F80-52F3EE493BE6}.AppStore|ARM.Build.0 = Debug|Any CPU
		{47153E1C-AD6C-448F-9F80-52F3EE493BE6}.AppStore|iPhone.ActiveCfg = Debug|Any CPU
		{47153E1C-AD6C-448F-9F80-52F3EE493BE6}.AppStore|iPhone.Build.0 = Debug|Any CPU
		{47153E1C-AD6C-448F-9F80-52F3EE493BE6}.AppStore|iPhoneSimulator.ActiveCfg = Debug|Any CPU
		{47153E1C-AD6C-448F-9F80-52F3EE493BE6}.AppStore|iPhoneSimulator.Build.0 = Debug|Any CPU
		{47153E1C-AD6C-448F-9F80-52F3EE493BE6}.AppStore|x64.ActiveCfg = Debug|Any CPU
		{47153E1C-AD6C-448F-9F80-52F3EE493BE6}.AppStore|x64.Build.0 = Debug|Any CPU
		{47153E1C-AD6C-448F-9F80-52F3EE493BE6}.AppStore|x86.ActiveCfg = Debug|Any CPU
		{47153E1C-AD6C-448F-9F80-52F3EE493BE6}.AppStore|x86.Build.0 = Debug|Any CPU
		{47153E1C-AD6C-448F-9F80-52F3EE493BE6}.Debug|Any CPU.ActiveCfg = Debug|Any CPU
		{47153E1C-AD6C-448F-9F80-52F3EE493BE6}.Debug|Any CPU.Build.0 = Debug|Any CPU
		{47153E1C-AD6C-448F-9F80-52F3EE493BE6}.Debug|ARM.ActiveCfg = Debug|Any CPU
		{47153E1C-AD6C-448F-9F80-52F3EE493BE6}.Debug|ARM.Build.0 = Debug|Any CPU
		{47153E1C-AD6C-448F-9F80-52F3EE493BE6}.Debug|iPhone.ActiveCfg = Debug|Any CPU
		{47153E1C-AD6C-448F-9F80-52F3EE493BE6}.Debug|iPhone.Build.0 = Debug|Any CPU
		{47153E1C-AD6C-448F-9F80-52F3EE493BE6}.Debug|iPhoneSimulator.ActiveCfg = Debug|Any CPU
		{47153E1C-AD6C-448F-9F80-52F3EE493BE6}.Debug|iPhoneSimulator.Build.0 = Debug|Any CPU
		{47153E1C-AD6C-448F-9F80-52F3EE493BE6}.Debug|x64.ActiveCfg = Debug|Any CPU
		{47153E1C-AD6C-448F-9F80-52F3EE493BE6}.Debug|x64.Build.0 = Debug|Any CPU
		{47153E1C-AD6C-448F-9F80-52F3EE493BE6}.Debug|x86.ActiveCfg = Debug|Any CPU
		{47153E1C-AD6C-448F-9F80-52F3EE493BE6}.Debug|x86.Build.0 = Debug|Any CPU
		{47153E1C-AD6C-448F-9F80-52F3EE493BE6}.Release|Any CPU.ActiveCfg = Release|Any CPU
		{47153E1C-AD6C-448F-9F80-52F3EE493BE6}.Release|Any CPU.Build.0 = Release|Any CPU
		{47153E1C-AD6C-448F-9F80-52F3EE493BE6}.Release|ARM.ActiveCfg = Release|Any CPU
		{47153E1C-AD6C-448F-9F80-52F3EE493BE6}.Release|ARM.Build.0 = Release|Any CPU
		{47153E1C-AD6C-448F-9F80-52F3EE493BE6}.Release|iPhone.ActiveCfg = Release|Any CPU
		{47153E1C-AD6C-448F-9F80-52F3EE493BE6}.Release|iPhone.Build.0 = Release|Any CPU
		{47153E1C-AD6C-448F-9F80-52F3EE493BE6}.Release|iPhoneSimulator.ActiveCfg = Release|Any CPU
		{47153E1C-AD6C-448F-9F80-52F3EE493BE6}.Release|iPhoneSimulator.Build.0 = Release|Any CPU
		{47153E1C-AD6C-448F-9F80-52F3EE493BE6}.Release|x64.ActiveCfg = Release|Any CPU
		{47153E1C-AD6C-448F-9F80-52F3EE493BE6}.Release|x64.Build.0 = Release|Any CPU
		{47153E1C-AD6C-448F-9F80-52F3EE493BE6}.Release|x86.ActiveCfg = Release|Any CPU
		{47153E1C-AD6C-448F-9F80-52F3EE493BE6}.Release|x86.Build.0 = Release|Any CPU
		{5ABFA0CD-E573-4178-A244-5FEC67CA0BC1}.Ad-Hoc|Any CPU.ActiveCfg = Debug|Any CPU
		{5ABFA0CD-E573-4178-A244-5FEC67CA0BC1}.Ad-Hoc|Any CPU.Build.0 = Debug|Any CPU
		{5ABFA0CD-E573-4178-A244-5FEC67CA0BC1}.Ad-Hoc|ARM.ActiveCfg = Debug|Any CPU
		{5ABFA0CD-E573-4178-A244-5FEC67CA0BC1}.Ad-Hoc|ARM.Build.0 = Debug|Any CPU
		{5ABFA0CD-E573-4178-A244-5FEC67CA0BC1}.Ad-Hoc|iPhone.ActiveCfg = Debug|Any CPU
		{5ABFA0CD-E573-4178-A244-5FEC67CA0BC1}.Ad-Hoc|iPhone.Build.0 = Debug|Any CPU
		{5ABFA0CD-E573-4178-A244-5FEC67CA0BC1}.Ad-Hoc|iPhoneSimulator.ActiveCfg = Debug|Any CPU
		{5ABFA0CD-E573-4178-A244-5FEC67CA0BC1}.Ad-Hoc|iPhoneSimulator.Build.0 = Debug|Any CPU
		{5ABFA0CD-E573-4178-A244-5FEC67CA0BC1}.Ad-Hoc|x64.ActiveCfg = Debug|Any CPU
		{5ABFA0CD-E573-4178-A244-5FEC67CA0BC1}.Ad-Hoc|x64.Build.0 = Debug|Any CPU
		{5ABFA0CD-E573-4178-A244-5FEC67CA0BC1}.Ad-Hoc|x86.ActiveCfg = Debug|Any CPU
		{5ABFA0CD-E573-4178-A244-5FEC67CA0BC1}.Ad-Hoc|x86.Build.0 = Debug|Any CPU
		{5ABFA0CD-E573-4178-A244-5FEC67CA0BC1}.AppStore|Any CPU.ActiveCfg = Debug|Any CPU
		{5ABFA0CD-E573-4178-A244-5FEC67CA0BC1}.AppStore|Any CPU.Build.0 = Debug|Any CPU
		{5ABFA0CD-E573-4178-A244-5FEC67CA0BC1}.AppStore|ARM.ActiveCfg = Debug|Any CPU
		{5ABFA0CD-E573-4178-A244-5FEC67CA0BC1}.AppStore|ARM.Build.0 = Debug|Any CPU
		{5ABFA0CD-E573-4178-A244-5FEC67CA0BC1}.AppStore|iPhone.ActiveCfg = Debug|Any CPU
		{5ABFA0CD-E573-4178-A244-5FEC67CA0BC1}.AppStore|iPhone.Build.0 = Debug|Any CPU
		{5ABFA0CD-E573-4178-A244-5FEC67CA0BC1}.AppStore|iPhoneSimulator.ActiveCfg = Debug|Any CPU
		{5ABFA0CD-E573-4178-A244-5FEC67CA0BC1}.AppStore|iPhoneSimulator.Build.0 = Debug|Any CPU
		{5ABFA0CD-E573-4178-A244-5FEC67CA0BC1}.AppStore|x64.ActiveCfg = Debug|Any CPU
		{5ABFA0CD-E573-4178-A244-5FEC67CA0BC1}.AppStore|x64.Build.0 = Debug|Any CPU
		{5ABFA0CD-E573-4178-A244-5FEC67CA0BC1}.AppStore|x86.ActiveCfg = Debug|Any CPU
		{5ABFA0CD-E573-4178-A244-5FEC67CA0BC1}.AppStore|x86.Build.0 = Debug|Any CPU
		{5ABFA0CD-E573-4178-A244-5FEC67CA0BC1}.Debug|Any CPU.ActiveCfg = Debug|Any CPU
		{5ABFA0CD-E573-4178-A244-5FEC67CA0BC1}.Debug|Any CPU.Build.0 = Debug|Any CPU
		{5ABFA0CD-E573-4178-A244-5FEC67CA0BC1}.Debug|ARM.ActiveCfg = Debug|Any CPU
		{5ABFA0CD-E573-4178-A244-5FEC67CA0BC1}.Debug|ARM.Build.0 = Debug|Any CPU
		{5ABFA0CD-E573-4178-A244-5FEC67CA0BC1}.Debug|iPhone.ActiveCfg = Debug|Any CPU
		{5ABFA0CD-E573-4178-A244-5FEC67CA0BC1}.Debug|iPhone.Build.0 = Debug|Any CPU
		{5ABFA0CD-E573-4178-A244-5FEC67CA0BC1}.Debug|iPhoneSimulator.ActiveCfg = Debug|Any CPU
		{5ABFA0CD-E573-4178-A244-5FEC67CA0BC1}.Debug|iPhoneSimulator.Build.0 = Debug|Any CPU
		{5ABFA0CD-E573-4178-A244-5FEC67CA0BC1}.Debug|x64.ActiveCfg = Debug|Any CPU
		{5ABFA0CD-E573-4178-A244-5FEC67CA0BC1}.Debug|x64.Build.0 = Debug|Any CPU
		{5ABFA0CD-E573-4178-A244-5FEC67CA0BC1}.Debug|x86.ActiveCfg = Debug|Any CPU
		{5ABFA0CD-E573-4178-A244-5FEC67CA0BC1}.Debug|x86.Build.0 = Debug|Any CPU
		{5ABFA0CD-E573-4178-A244-5FEC67CA0BC1}.Release|Any CPU.ActiveCfg = Release|Any CPU
		{5ABFA0CD-E573-4178-A244-5FEC67CA0BC1}.Release|Any CPU.Build.0 = Release|Any CPU
		{5ABFA0CD-E573-4178-A244-5FEC67CA0BC1}.Release|ARM.ActiveCfg = Release|Any CPU
		{5ABFA0CD-E573-4178-A244-5FEC67CA0BC1}.Release|ARM.Build.0 = Release|Any CPU
		{5ABFA0CD-E573-4178-A244-5FEC67CA0BC1}.Release|iPhone.ActiveCfg = Release|Any CPU
		{5ABFA0CD-E573-4178-A244-5FEC67CA0BC1}.Release|iPhone.Build.0 = Release|Any CPU
		{5ABFA0CD-E573-4178-A244-5FEC67CA0BC1}.Release|iPhoneSimulator.ActiveCfg = Release|Any CPU
		{5ABFA0CD-E573-4178-A244-5FEC67CA0BC1}.Release|iPhoneSimulator.Build.0 = Release|Any CPU
		{5ABFA0CD-E573-4178-A244-5FEC67CA0BC1}.Release|x64.ActiveCfg = Release|Any CPU
		{5ABFA0CD-E573-4178-A244-5FEC67CA0BC1}.Release|x64.Build.0 = Release|Any CPU
		{5ABFA0CD-E573-4178-A244-5FEC67CA0BC1}.Release|x86.ActiveCfg = Release|Any CPU
		{5ABFA0CD-E573-4178-A244-5FEC67CA0BC1}.Release|x86.Build.0 = Release|Any CPU
	EndGlobalSection
	GlobalSection(SolutionProperties) = preSolution
		HideSolutionNode = FALSE
	EndGlobalSection
	GlobalSection(ExtensibilityGlobals) = postSolution
		SolutionGuid = {6A33DDCB-C4B9-4E82-A138-F46E3FC37C69}
	EndGlobalSection
EndGlobal
